{
    "_meta": {
        "hash": {
            "sha256": "03992d0e1d4fcc27d505a1f78e0eed560248854da23fd614c4d5a56a1cd698b1"
        },
        "requires": {},
        "sources": [
            {
                "url": "https://pypi.python.org/simple",
                "verify_ssl": true
            }
        ]
    },
    "default": {
        "ansible": {
            "version": "==2.4.1.0"
        },
        "asn1crypto": {
            "version": "==0.23.0"
        },
        "bcrypt": {
            "version": "==3.1.4"
        },
        "cffi": {
            "version": "==1.11.2"
        },
        "cryptography": {
            "version": "==2.1.3"
        },
        "idna": {
            "version": "==2.6"
        },
        "jinja2": {
            "version": "==2.10"
        },
        "markupsafe": {
            "version": "==1.0"
        },
        "paramiko": {
            "version": "==2.3.1"
        },
        "pyasn1": {
            "version": "==0.3.7"
        },
        "pycparser": {
            "version": "==2.18"
        },
        "pynacl": {
            "version": "==1.2.0"
        },
        "pyyaml": {
            "version": "==3.12"
        },
        "setuptools": {
            "version": "==36.7.1"
        },
        "six": {
            "version": "==1.11.0"
        }
    },
    "develop": {
        "greenlet": {
            "version": "==0.4.12"
        },
        "msgpack-python": {
            "version": "==0.4.8"
        },
        "neovim": {
            "version": "==0.2.0"
        }
    }
}
